
Microsoft Visual Studio Solution File, Format Version 12.00
# Visual Studio Version 16
VisualStudioVersion = 16.0.29230.47
MinimumVisualStudioVersion = 10.0.40219.1
Project("{FAE04EC0-301F-11D3-BF4B-00C04F79EFBC}") = "WebApplication4", "WebApplication4.csproj", "{78CE2002-747F-4AAF-ADA2-86423F5DA9F7}"
EndProject
Global
	GlobalSection(SolutionConfigurationPlatforms) = preSolution
		Debug|Any CPU = Debug|Any CPU
		Release|Any CPU = Release|Any CPU
	EndGlobalSection
	GlobalSection(ProjectConfigurationPlatforms) = postSolution
		{78CE2002-747F-4AAF-ADA2-86423F5DA9F7}.Debug|Any CPU.ActiveCfg = Debug|Any CPU
		{78CE2002-747F-4AAF-ADA2-86423F5DA9F7}.Debug|Any CPU.Build.0 = Debug|Any CPU
		{78CE2002-747F-4AAF-ADA2-86423F5DA9F7}.Release|Any CPU.ActiveCfg = Release|Any CPU
		{78CE2002-747F-4AAF-ADA2-86423F5DA9F7}.Release|Any CPU.Build.0 = Release|Any CPU
	EndGlobalSection
	GlobalSection(SolutionProperties) = preSolution
		HideSolutionNode = FALSE
	EndGlobalSection
	GlobalSection(ExtensibilityGlobals) = postSolution
		SolutionGuid = {1E8B9205-2588-4525-939B-AD3FD514008B}
	EndGlobalSection
EndGlobal
